{
  "nodes": {
    "conjure": {
      "flake": false,
      "locked": {
        "lastModified": 1604235343,
        "narHash": "sha256-Ido1+t5YVTwOnF3IavhlR27UDAYrhWGfS7OcTocOf3c=",
        "owner": "Olical",
        "repo": "conjure",
        "rev": "a4c31e1c0136e943fa7dd48ecc11849158d3554e",
        "type": "github"
      },
      "original": {
        "owner": "Olical",
        "ref": "v4.8.0",
        "repo": "conjure",
        "type": "github"
      }
    },
    "flake-compat": {
      "flake": false,
      "locked": {
        "lastModified": 1668681692,
        "narHash": "sha256-Ht91NGdewz8IQLtWZ9LCeNXMSXHUss+9COoqu6JLmXU=",
        "owner": "edolstra",
        "repo": "flake-compat",
        "rev": "009399224d5e398d03b22badca40a37ac85412a1",
        "type": "github"
      },
      "original": {
        "owner": "edolstra",
        "repo": "flake-compat",
        "type": "github"
      }
    },
    "home-manager": {
      "inputs": {
        "nixpkgs": [
          "nixpkgs"
        ],
        "utils": "utils"
      },
      "locked": {
        "lastModified": 1669825171,
        "narHash": "sha256-HxlZHSiRGXnWAFbIJMeujqBe2KgACYx5XDRY0EA9P+4=",
        "owner": "nix-community",
        "repo": "home-manager",
        "rev": "478610aa37c8339eacabfa03f07dacf5574edd47",
        "type": "github"
      },
      "original": {
        "owner": "nix-community",
        "repo": "home-manager",
        "type": "github"
      }
    },
    "nixpkgs": {
      "locked": {
        "lastModified": 1669809720,
        "narHash": "sha256-RMT77f6CPOYtLLQ2esj+EJ1BPVWxf4RDidjrSvA5OhI=",
        "owner": "nixOS",
        "repo": "nixpkgs",
        "rev": "227de2b3bbec142f912c09d5e8a1b4e778aa54fb",
        "type": "github"
      },
      "original": {
        "owner": "nixOS",
        "ref": "nixpkgs-unstable",
        "repo": "nixpkgs",
        "type": "github"
      }
    },
    "root": {
      "inputs": {
        "conjure": "conjure",
        "flake-compat": "flake-compat",
        "home-manager": "home-manager",
        "nixpkgs": "nixpkgs",
        "splitjoin-vim": "splitjoin-vim",
        "thoughtbot-dotfiles": "thoughtbot-dotfiles",
        "vim-alias": "vim-alias",
        "vim-bundler": "vim-bundler",
        "vim-crystal": "vim-crystal",
        "vim-mkdir": "vim-mkdir",
        "vim-prettier": "vim-prettier",
        "vim-rails": "vim-rails",
        "vim-rspec": "vim-rspec",
        "vim-ruby-refactoring": "vim-ruby-refactoring",
        "vim-rubyhash": "vim-rubyhash",
        "vim-textobj-rubyblock": "vim-textobj-rubyblock",
        "vim-textobj-variable-segment": "vim-textobj-variable-segment",
        "vim-yaml-helper": "vim-yaml-helper"
      }
    },
    "splitjoin-vim": {
      "flake": false,
      "locked": {
        "lastModified": 1662283404,
        "narHash": "sha256-frMb0OXp0e+cg5mtEjAzO//iMnajTOBUiNrR3viuAUA=",
        "owner": "AndrewRadev",
        "repo": "splitjoin.vim",
        "rev": "956d67c88512b91c2938da3a9e0aeeea2b82cd0b",
        "type": "github"
      },
      "original": {
        "owner": "AndrewRadev",
        "repo": "splitjoin.vim",
        "type": "github"
      }
    },
    "thoughtbot-dotfiles": {
      "flake": false,
      "locked": {
        "lastModified": 1664875855,
        "narHash": "sha256-hRQwBt9uXMQmQCZ07sM+PW84UVnpguD/hURtPu2t4no=",
        "owner": "thoughtbot",
        "repo": "dotfiles",
        "rev": "69b8ce1e84e54469b5b9a5f714c2fa8ad8ae93ed",
        "type": "github"
      },
      "original": {
        "owner": "thoughtbot",
        "repo": "dotfiles",
        "type": "github"
      }
    },
    "utils": {
      "locked": {
        "lastModified": 1667395993,
        "narHash": "sha256-nuEHfE/LcWyuSWnS8t12N1wc105Qtau+/OdUAjtQ0rA=",
        "owner": "numtide",
        "repo": "flake-utils",
        "rev": "5aed5285a952e0b949eb3ba02c12fa4fcfef535f",
        "type": "github"
      },
      "original": {
        "owner": "numtide",
        "repo": "flake-utils",
        "type": "github"
      }
    },
    "vim-alias": {
      "flake": false,
      "locked": {
        "lastModified": 1621974952,
        "narHash": "sha256-oR+s4QAQWYyfLP9Ys4ir9C7+Cyl5DLuO3Ox0NWQaCrs=",
        "owner": "Konfekt",
        "repo": "vim-alias",
        "rev": "9d1a86284c223fad488137075867ba1c1bd20599",
        "type": "github"
      },
      "original": {
        "owner": "Konfekt",
        "repo": "vim-alias",
        "type": "github"
      }
    },
    "vim-bundler": {
      "flake": false,
      "locked": {
        "lastModified": 1666797873,
        "narHash": "sha256-MDVUvaNPnSXm2g14gbiWMLWrNU6ToFtiZWEAlAWPyMc=",
        "owner": "tpope",
        "repo": "vim-bundler",
        "rev": "f8f0bdf6856ccc19025f67800cccff0bea05d6b1",
        "type": "github"
      },
      "original": {
        "owner": "tpope",
        "repo": "vim-bundler",
        "type": "github"
      }
    },
    "vim-crystal": {
      "flake": false,
      "locked": {
        "lastModified": 1662293922,
        "narHash": "sha256-ev7At458NlNqq6HVo8u4JjUUYqmFq5uz+ABlsHkhNmA=",
        "owner": "vim-crystal",
        "repo": "vim-crystal",
        "rev": "43e4d89c5d29b3a0d17dda5bd57eadda6fc614d4",
        "type": "github"
      },
      "original": {
        "owner": "vim-crystal",
        "repo": "vim-crystal",
        "type": "github"
      }
    },
    "vim-mkdir": {
      "flake": false,
      "locked": {
        "lastModified": 1556560885,
        "narHash": "sha256-3GZFp6Q6ZM48b4Qxy3BpsMGI9K9vmIsvZ53R6niw4k4=",
        "owner": "pbrisbin",
        "repo": "vim-mkdir",
        "rev": "f0ba7a7dc190a0cedf1d827958c99f3718109cf0",
        "type": "github"
      },
      "original": {
        "owner": "pbrisbin",
        "repo": "vim-mkdir",
        "type": "github"
      }
    },
    "vim-prettier": {
      "flake": false,
      "locked": {
        "lastModified": 1637728663,
        "narHash": "sha256-VGEVXTe2uOyqONxtle9hayH+2d5M6x+6Y1iX0AIcwmk=",
        "owner": "prettier",
        "repo": "vim-prettier",
        "rev": "5e6cca21e12587c02e32a06bf423519eb1e9f1b2",
        "type": "github"
      },
      "original": {
        "owner": "prettier",
        "repo": "vim-prettier",
        "type": "github"
      }
    },
    "vim-rails": {
      "flake": false,
      "locked": {
        "lastModified": 1664248326,
        "narHash": "sha256-CrplzW0b/UUmP8JdawchaLty9Ft9eBIU8q4dj7ZErFc=",
        "owner": "tpope",
        "repo": "vim-rails",
        "rev": "a6d2bac95b446a5c23eff4638eca164b0d77454a",
        "type": "github"
      },
      "original": {
        "owner": "tpope",
        "repo": "vim-rails",
        "type": "github"
      }
    },
    "vim-rspec": {
      "flake": false,
      "locked": {
        "lastModified": 1485752387,
        "narHash": "sha256-SKYmzu627M1UNdcculK85oYSrkboR1Ldu0ivnA2Y+SY=",
        "owner": "thoughtbot",
        "repo": "vim-rspec",
        "rev": "52a72592b6128f4ef1557bc6e2e3eb014d8b2d38",
        "type": "github"
      },
      "original": {
        "owner": "thoughtbot",
        "repo": "vim-rspec",
        "type": "github"
      }
    },
    "vim-ruby-refactoring": {
      "flake": false,
      "locked": {
        "lastModified": 1325108956,
        "narHash": "sha256-kNVj+a+Up7wPByzbcN8CL10ryOwVOs9IZ64O/6u7/Lk=",
        "owner": "ecomba",
        "repo": "vim-ruby-refactoring",
        "rev": "6447a4debc3263a0fa99feeab5548edf27ecf045",
        "type": "github"
      },
      "original": {
        "owner": "ecomba",
        "ref": "main",
        "repo": "vim-ruby-refactoring",
        "type": "github"
      }
    },
    "vim-rubyhash": {
      "flake": false,
      "locked": {
        "lastModified": 1325013800,
        "narHash": "sha256-oUFoIQvXefcnBcAOzl9+7W6Ws16ZnagU3kTiwvmhUJs=",
        "owner": "rorymckinley",
        "repo": "vim-rubyhash",
        "rev": "d020a8eeac40a55617a72aa135b702b6da0c9b62",
        "type": "github"
      },
      "original": {
        "owner": "rorymckinley",
        "repo": "vim-rubyhash",
        "type": "github"
      }
    },
    "vim-textobj-rubyblock": {
      "flake": false,
      "locked": {
        "lastModified": 1473770534,
        "narHash": "sha256-2adnEdz8aPFjSTNwLuV7WFAlcYnVPIujwLdxX4gC9aQ=",
        "owner": "nelstrom",
        "repo": "vim-textobj-rubyblock",
        "rev": "2b882e2cc2599078f75e6e88cd268192bf7b27bf",
        "type": "github"
      },
      "original": {
        "owner": "nelstrom",
        "repo": "vim-textobj-rubyblock",
        "type": "github"
      }
    },
    "vim-textobj-variable-segment": {
      "flake": false,
      "locked": {
        "lastModified": 1657976307,
        "narHash": "sha256-rM+M043u9b9h80M4d9gQKlMNAcI3RKX5Z2cNhGgcfrs=",
        "owner": "Julian",
        "repo": "vim-textobj-variable-segment",
        "rev": "51c323dca5c44f7a8e5a689b9156ef818d02188e",
        "type": "github"
      },
      "original": {
        "owner": "Julian",
        "repo": "vim-textobj-variable-segment",
        "type": "github"
      }
    },
    "vim-yaml-helper": {
      "flake": false,
      "locked": {
        "lastModified": 1583943785,
        "narHash": "sha256-Lj3/osYITCxUERfiP5iNU2od2teR1e4lMLEDPGESDg0=",
        "owner": "lmeijvogel",
        "repo": "vim-yaml-helper",
        "rev": "403ff568e336def133b55d25a3f9517f406054cc",
        "type": "github"
      },
      "original": {
        "owner": "lmeijvogel",
        "repo": "vim-yaml-helper",
        "type": "github"
      }
    }
  },
  "root": "root",
  "version": 7
}
