{
  "nodes": {
    "conjure": {
      "flake": false,
      "locked": {
        "lastModified": 1604235343,
        "narHash": "sha256-Ido1+t5YVTwOnF3IavhlR27UDAYrhWGfS7OcTocOf3c=",
        "owner": "Olical",
        "repo": "conjure",
        "rev": "a4c31e1c0136e943fa7dd48ecc11849158d3554e",
        "type": "github"
      },
      "original": {
        "owner": "Olical",
        "ref": "v4.8.0",
        "repo": "conjure",
        "type": "github"
      }
    },
    "flake-compat": {
      "flake": false,
      "locked": {
        "lastModified": 1606424373,
        "narHash": "sha256-oq8d4//CJOrVj+EcOaSXvMebvuTkmBJuT5tzlfewUnQ=",
        "owner": "edolstra",
        "repo": "flake-compat",
        "rev": "99f1c2157fba4bfe6211a321fd0ee43199025dbf",
        "type": "github"
      },
      "original": {
        "owner": "edolstra",
        "repo": "flake-compat",
        "type": "github"
      }
    },
    "home-manager": {
      "inputs": {
        "nixpkgs": [
          "nixpkgs"
        ]
      },
      "locked": {
        "lastModified": 1617894699,
        "narHash": "sha256-zlG3xNXgqo5pbMmfq8YaqGoVjElHnTDnEz13A+pUbZY=",
        "owner": "nix-community",
        "repo": "home-manager",
        "rev": "56f5f41ed42f7d476a7c79fa8ec71f5605487abf",
        "type": "github"
      },
      "original": {
        "owner": "nix-community",
        "repo": "home-manager",
        "type": "github"
      }
    },
    "nixpkgs": {
      "locked": {
        "lastModified": 1617929752,
        "narHash": "sha256-ji0nqJUZp2bfHvO0sKxD24cW6Nk7LyjbPPMxjbJHji0=",
        "owner": "nixOS",
        "repo": "nixpkgs",
        "rev": "6fc2b7ecc2a167ce6a6902d5417daf1fa5cac777",
        "type": "github"
      },
      "original": {
        "owner": "nixOS",
        "ref": "nixpkgs-unstable",
        "repo": "nixpkgs",
        "type": "github"
      }
    },
    "root": {
      "inputs": {
        "conjure": "conjure",
        "flake-compat": "flake-compat",
        "home-manager": "home-manager",
        "nixpkgs": "nixpkgs",
        "splitjoin-vim": "splitjoin-vim",
        "thoughtbot-dotfiles": "thoughtbot-dotfiles",
        "vim-alias": "vim-alias",
        "vim-bundler": "vim-bundler",
        "vim-crystal": "vim-crystal",
        "vim-mkdir": "vim-mkdir",
        "vim-prettier": "vim-prettier",
        "vim-rails": "vim-rails",
        "vim-rspec": "vim-rspec",
        "vim-ruby-refactoring": "vim-ruby-refactoring",
        "vim-rubyhash": "vim-rubyhash",
        "vim-textobj-rubyblock": "vim-textobj-rubyblock",
        "vim-textobj-variable-segment": "vim-textobj-variable-segment",
        "vim-yaml-helper": "vim-yaml-helper"
      }
    },
    "splitjoin-vim": {
      "flake": false,
      "locked": {
        "lastModified": 1635964066,
        "narHash": "sha256-X/aUMivwP65vxLcZI8RmM7l8NeBXjjAfek/gseg3iMo=",
        "owner": "AndrewRadev",
        "repo": "splitjoin.vim",
        "rev": "0f45bfd7d6a8acb7d6ac126001a27190851bf3f5",
        "type": "github"
      },
      "original": {
        "owner": "AndrewRadev",
        "repo": "splitjoin.vim",
        "type": "github"
      }
    },
    "thoughtbot-dotfiles": {
      "flake": false,
      "locked": {
        "lastModified": 1626713475,
        "narHash": "sha256-Ckv/XXffI+e5K5njr+0x+Od+HI0c4Gq8z3G4c/X3Gq4=",
        "owner": "thoughtbot",
        "repo": "dotfiles",
        "rev": "42a313bde1f4dc7a75cc276714008c77bf3821bf",
        "type": "github"
      },
      "original": {
        "owner": "thoughtbot",
        "repo": "dotfiles",
        "type": "github"
      }
    },
    "vim-alias": {
      "flake": false,
      "locked": {
        "lastModified": 1621974952,
        "narHash": "sha256-oR+s4QAQWYyfLP9Ys4ir9C7+Cyl5DLuO3Ox0NWQaCrs=",
        "owner": "Konfekt",
        "repo": "vim-alias",
        "rev": "9d1a86284c223fad488137075867ba1c1bd20599",
        "type": "github"
      },
      "original": {
        "owner": "Konfekt",
        "repo": "vim-alias",
        "type": "github"
      }
    },
    "vim-bundler": {
      "flake": false,
      "locked": {
        "lastModified": 1637129791,
        "narHash": "sha256-Th7XviMs/qIL7QKEh18paaWsIfIw8wV7Id+AjmnQj2U=",
        "owner": "tpope",
        "repo": "vim-bundler",
        "rev": "47ad61244f1f96be57f777eb4060e569f9e4d98b",
        "type": "github"
      },
      "original": {
        "owner": "tpope",
        "repo": "vim-bundler",
        "type": "github"
      }
    },
    "vim-crystal": {
      "flake": false,
      "locked": {
        "lastModified": 1610883833,
        "narHash": "sha256-+3KQukDiTdbBNM9QTxwC2bt4IRizozY39653XQCvT9k=",
        "owner": "vim-crystal",
        "repo": "vim-crystal",
        "rev": "481195d4a309d7c682315c9f042762bbfb9d5f57",
        "type": "github"
      },
      "original": {
        "owner": "vim-crystal",
        "repo": "vim-crystal",
        "type": "github"
      }
    },
    "vim-mkdir": {
      "flake": false,
      "locked": {
        "lastModified": 1556560885,
        "narHash": "sha256-3GZFp6Q6ZM48b4Qxy3BpsMGI9K9vmIsvZ53R6niw4k4=",
        "owner": "pbrisbin",
        "repo": "vim-mkdir",
        "rev": "f0ba7a7dc190a0cedf1d827958c99f3718109cf0",
        "type": "github"
      },
      "original": {
        "owner": "pbrisbin",
        "repo": "vim-mkdir",
        "type": "github"
      }
    },
    "vim-prettier": {
      "flake": false,
      "locked": {
        "lastModified": 1637728663,
        "narHash": "sha256-VGEVXTe2uOyqONxtle9hayH+2d5M6x+6Y1iX0AIcwmk=",
        "owner": "prettier",
        "repo": "vim-prettier",
        "rev": "5e6cca21e12587c02e32a06bf423519eb1e9f1b2",
        "type": "github"
      },
      "original": {
        "owner": "prettier",
        "repo": "vim-prettier",
        "type": "github"
      }
    },
    "vim-rails": {
      "flake": false,
      "locked": {
        "lastModified": 1637367036,
        "narHash": "sha256-Y131n8qeGMDl6IzE4WMxQrF6HoyWwzIVS1xuBcMenBE=",
        "owner": "tpope",
        "repo": "vim-rails",
        "rev": "582c4f6cf310b2b3044c366c726a90c0010fc45d",
        "type": "github"
      },
      "original": {
        "owner": "tpope",
        "repo": "vim-rails",
        "type": "github"
      }
    },
    "vim-rspec": {
      "flake": false,
      "locked": {
        "lastModified": 1485752387,
        "narHash": "sha256-SKYmzu627M1UNdcculK85oYSrkboR1Ldu0ivnA2Y+SY=",
        "owner": "thoughtbot",
        "repo": "vim-rspec",
        "rev": "52a72592b6128f4ef1557bc6e2e3eb014d8b2d38",
        "type": "github"
      },
      "original": {
        "owner": "thoughtbot",
        "repo": "vim-rspec",
        "type": "github"
      }
    },
    "vim-ruby-refactoring": {
      "flake": false,
      "locked": {
        "lastModified": 1325108956,
        "narHash": "sha256-kNVj+a+Up7wPByzbcN8CL10ryOwVOs9IZ64O/6u7/Lk=",
        "owner": "ecomba",
        "repo": "vim-ruby-refactoring",
        "rev": "6447a4debc3263a0fa99feeab5548edf27ecf045",
        "type": "github"
      },
      "original": {
        "owner": "ecomba",
        "ref": "main",
        "repo": "vim-ruby-refactoring",
        "type": "github"
      }
    },
    "vim-rubyhash": {
      "flake": false,
      "locked": {
        "lastModified": 1325013800,
        "narHash": "sha256-oUFoIQvXefcnBcAOzl9+7W6Ws16ZnagU3kTiwvmhUJs=",
        "owner": "rorymckinley",
        "repo": "vim-rubyhash",
        "rev": "d020a8eeac40a55617a72aa135b702b6da0c9b62",
        "type": "github"
      },
      "original": {
        "owner": "rorymckinley",
        "repo": "vim-rubyhash",
        "type": "github"
      }
    },
    "vim-textobj-rubyblock": {
      "flake": false,
      "locked": {
        "lastModified": 1473770534,
        "narHash": "sha256-2adnEdz8aPFjSTNwLuV7WFAlcYnVPIujwLdxX4gC9aQ=",
        "owner": "nelstrom",
        "repo": "vim-textobj-rubyblock",
        "rev": "2b882e2cc2599078f75e6e88cd268192bf7b27bf",
        "type": "github"
      },
      "original": {
        "owner": "nelstrom",
        "repo": "vim-textobj-rubyblock",
        "type": "github"
      }
    },
    "vim-textobj-variable-segment": {
      "flake": false,
      "locked": {
        "lastModified": 1630228097,
        "narHash": "sha256-YMxkEEsHoE3nJYsJiA67PgCO7gFwIuP378ABDanHyIQ=",
        "owner": "Julian",
        "repo": "vim-textobj-variable-segment",
        "rev": "30f7bc94bc8a87d923631f5e440200b662becb1a",
        "type": "github"
      },
      "original": {
        "owner": "Julian",
        "repo": "vim-textobj-variable-segment",
        "type": "github"
      }
    },
    "vim-yaml-helper": {
      "flake": false,
      "locked": {
        "lastModified": 1583943785,
        "narHash": "sha256-Lj3/osYITCxUERfiP5iNU2od2teR1e4lMLEDPGESDg0=",
        "owner": "lmeijvogel",
        "repo": "vim-yaml-helper",
        "rev": "403ff568e336def133b55d25a3f9517f406054cc",
        "type": "github"
      },
      "original": {
        "owner": "lmeijvogel",
        "repo": "vim-yaml-helper",
        "type": "github"
      }
    }
  },
  "root": "root",
  "version": 7
}
