# THIS IS AN AUTOGENERATED FILE. DO NOT EDIT THIS FILE DIRECTLY.
# yarn lockfile v1


ansi-regex@^1.0.0, ansi-regex@^1.1.0:
  version "1.1.1"
  resolved "https://registry.yarnpkg.com/ansi-regex/-/ansi-regex-1.1.1.tgz#41c847194646375e6a1a5d10c3ca054ef9fc980d"

ansi-styles@^2.0.1:
  version "2.2.1"
  resolved "https://registry.yarnpkg.com/ansi-styles/-/ansi-styles-2.2.1.tgz#b432dd3358b634cf75e1e4664368240533c1ddbe"

chalk@1.0.0:
  version "1.0.0"
  resolved "https://registry.yarnpkg.com/chalk/-/chalk-1.0.0.tgz#b3cf4ed0ff5397c99c75b8f679db2f52831f96dc"
  dependencies:
    ansi-styles "^2.0.1"
    escape-string-regexp "^1.0.2"
    has-ansi "^1.0.3"
    strip-ansi "^2.0.1"
    supports-color "^1.3.0"

coa@0.4.0:
  version "0.4.0"
  resolved "https://registry.yarnpkg.com/coa/-/coa-0.4.0.tgz#252bc1be9740af15d826e490e8b1393c2fe2a062"
  dependencies:
    q "~0.9.6"

diff@1.0.8:
  version "1.0.8"
  resolved "https://registry.yarnpkg.com/diff/-/diff-1.0.8.tgz#343276308ec991b7bc82267ed55bc1411f971666"

escape-string-regexp@^1.0.2:
  version "1.0.5"
  resolved "https://registry.yarnpkg.com/escape-string-regexp/-/escape-string-regexp-1.0.5.tgz#1b61c0562190a8dff6ae3bb2cf0200ca130b86d4"

get-stdin@^4.0.1:
  version "4.0.1"
  resolved "https://registry.yarnpkg.com/get-stdin/-/get-stdin-4.0.1.tgz#b968c6b0a04384324902e8bf1a5df32579a450fe"

glob@3.2.8:
  version "3.2.8"
  resolved "https://registry.yarnpkg.com/glob/-/glob-3.2.8.tgz#5506f4311721bcc618c7d8dba144188750307073"
  dependencies:
    inherits "2"
    minimatch "~0.2.11"

has-ansi@^1.0.3:
  version "1.0.3"
  resolved "https://registry.yarnpkg.com/has-ansi/-/has-ansi-1.0.3.tgz#c0b5b1615d9e382b0ff67169d967b425e48ca538"
  dependencies:
    ansi-regex "^1.1.0"
    get-stdin "^4.0.1"

html-differ@^1.3.4:
  version "1.3.4"
  resolved "https://registry.yarnpkg.com/html-differ/-/html-differ-1.3.4.tgz#9f47bae9757d2513d1edad8273cc5e43fc006cc6"
  dependencies:
    chalk "1.0.0"
    coa "0.4.0"
    diff "1.0.8"
    lodash "2.4.1"
    parse5 "1.1.3"
    vow "0.4.3"
    vow-fs "0.3.1"

inherits@2:
  version "2.0.3"
  resolved "https://registry.yarnpkg.com/inherits/-/inherits-2.0.3.tgz#633c2c83e3da42a502f52466022480f4208261de"

lodash@2.4.1:
  version "2.4.1"
  resolved "https://registry.yarnpkg.com/lodash/-/lodash-2.4.1.tgz#5b7723034dda4d262e5a46fb2c58d7cc22f71420"

lru-cache@2:
  version "2.7.3"
  resolved "https://registry.yarnpkg.com/lru-cache/-/lru-cache-2.7.3.tgz#6d4524e8b955f95d4f5b58851ce21dd72fb4e952"

minimatch@~0.2.11:
  version "0.2.14"
  resolved "https://registry.yarnpkg.com/minimatch/-/minimatch-0.2.14.tgz#c74e780574f63c6f9a090e90efbe6ef53a6a756a"
  dependencies:
    lru-cache "2"
    sigmund "~1.0.0"

node-uuid@1.4.0:
  version "1.4.0"
  resolved "https://registry.yarnpkg.com/node-uuid/-/node-uuid-1.4.0.tgz#07f9b2337572ff6275c775e1d48513f3a45d7a65"

parse5@1.1.3:
  version "1.1.3"
  resolved "https://registry.yarnpkg.com/parse5/-/parse5-1.1.3.tgz#8bab58d06525f00e4e37d755116eb82e7241f142"

q@~0.9.6:
  version "0.9.7"
  resolved "https://registry.yarnpkg.com/q/-/q-0.9.7.tgz#4de2e6cb3b29088c9e4cbc03bf9d42fb96ce2f75"

sigmund@~1.0.0:
  version "1.0.1"
  resolved "https://registry.yarnpkg.com/sigmund/-/sigmund-1.0.1.tgz#3ff21f198cad2175f9f3b781853fd94d0d19b590"

strip-ansi@^2.0.1:
  version "2.0.1"
  resolved "https://registry.yarnpkg.com/strip-ansi/-/strip-ansi-2.0.1.tgz#df62c1aa94ed2f114e1d0f21fd1d50482b79a60e"
  dependencies:
    ansi-regex "^1.0.0"

supports-color@^1.3.0:
  version "1.3.1"
  resolved "https://registry.yarnpkg.com/supports-color/-/supports-color-1.3.1.tgz#15758df09d8ff3b4acc307539fabe27095e1042d"

vow-fs@0.3.1:
  version "0.3.1"
  resolved "https://registry.yarnpkg.com/vow-fs/-/vow-fs-0.3.1.tgz#1b7fc64d7273a7c12690021674c1a904ceab8caf"
  dependencies:
    glob "3.2.8"
    node-uuid "1.4.0"
    vow-queue "0.1.0"

vow-queue@0.1.0:
  version "0.1.0"
  resolved "https://registry.yarnpkg.com/vow-queue/-/vow-queue-0.1.0.tgz#a9b561477c7ea5d563b0caaa52e40e668de0c238"

vow@0.4.3:
  version "0.4.3"
  resolved "https://registry.yarnpkg.com/vow/-/vow-0.4.3.tgz#d5c394d4f1e844c988100b57b540956c4a005ba6"
